// !$*UTF8*$!
{
	archiveVersion = 1;
	classes = {
	};
	objectVersion = 56;
	objects = {

/* Begin PBXBuildFile section */
		F447193B29A1840900B6C3DA /* AppDelegate.swift in Sources */ = {isa = PBXBuildFile; fileRef = F447193A29A1840900B6C3DA /* AppDelegate.swift */; };
		F447193D29A1840900B6C3DA /* SceneDelegate.swift in Sources */ = {isa = PBXBuildFile; fileRef = F447193C29A1840900B6C3DA /* SceneDelegate.swift */; };
		F447193F29A1840900B6C3DA /* LoginViewController.swift in Sources */ = {isa = PBXBuildFile; fileRef = F447193E29A1840900B6C3DA /* LoginViewController.swift */; };
		F447194229A1840900B6C3DA /* Main.storyboard in Resources */ = {isa = PBXBuildFile; fileRef = F447194029A1840900B6C3DA /* Main.storyboard */; };
		F447194429A1840F00B6C3DA /* Assets.xcassets in Resources */ = {isa = PBXBuildFile; fileRef = F447194329A1840F00B6C3DA /* Assets.xcassets */; };
		F447194729A1840F00B6C3DA /* LaunchScreen.storyboard in Resources */ = {isa = PBXBuildFile; fileRef = F447194529A1840F00B6C3DA /* LaunchScreen.storyboard */; };
		F46A36C029A528110009F323 /* DetailViewController.swift in Sources */ = {isa = PBXBuildFile; fileRef = F46A36BF29A528110009F323 /* DetailViewController.swift */; };
		F4AABEC129A25937006B523B /* ItemsViewController.swift in Sources */ = {isa = PBXBuildFile; fileRef = F4AABEC029A25937006B523B /* ItemsViewController.swift */; };
/* End PBXBuildFile section */

/* Begin PBXFileReference section */
		F447193729A1840900B6C3DA /* DoFu_admin.app */ = {isa = PBXFileReference; explicitFileType = wrapper.application; includeInIndex = 0; path = DoFu_admin.app; sourceTree = BUILT_PRODUCTS_DIR; };
		F447193A29A1840900B6C3DA /* AppDelegate.swift */ = {isa = PBXFileReference; lastKnownFileType = sourcecode.swift; path = AppDelegate.swift; sourceTree = "<group>"; };
		F447193C29A1840900B6C3DA /* SceneDelegate.swift */ = {isa = PBXFileReference; lastKnownFileType = sourcecode.swift; path = SceneDelegate.swift; sourceTree = "<group>"; };
		F447193E29A1840900B6C3DA /* LoginViewController.swift */ = {isa = PBXFileReference; lastKnownFileType = sourcecode.swift; path = LoginViewController.swift; sourceTree = "<group>"; };
		F447194129A1840900B6C3DA /* Base */ = {isa = PBXFileReference; lastKnownFileType = file.storyboard; name = Base; path = Base.lproj/Main.storyboard; sourceTree = "<group>"; };
		F447194329A1840F00B6C3DA /* Assets.xcassets */ = {isa = PBXFileReference; lastKnownFileType = folder.assetcatalog; path = Assets.xcassets; sourceTree = "<group>"; };
		F447194629A1840F00B6C3DA /* Base */ = {isa = PBXFileReference; lastKnownFileType = file.storyboard; name = Base; path = Base.lproj/LaunchScreen.storyboard; sourceTree = "<group>"; };
		F447194829A1840F00B6C3DA /* Info.plist */ = {isa = PBXFileReference; lastKnownFileType = text.plist.xml; path = Info.plist; sourceTree = "<group>"; };
		F46A36BF29A528110009F323 /* DetailViewController.swift */ = {isa = PBXFileReference; lastKnownFileType = sourcecode.swift; path = DetailViewController.swift; sourceTree = "<group>"; };
		F4AABEC029A25937006B523B /* ItemsViewController.swift */ = {isa = PBXFileReference; lastKnownFileType = sourcecode.swift; path = ItemsViewController.swift; sourceTree = "<group>"; };
		F4AABEC529A25C03006B523B /* uk */ = {isa = PBXFileReference; lastKnownFileType = text.plist.strings; name = uk; path = uk.lproj/Main.strings; sourceTree = "<group>"; };
/* End PBXFileReference section */

/* Begin PBXFrameworksBuildPhase section */
		F447193429A1840900B6C3DA /* Frameworks */ = {
			isa = PBXFrameworksBuildPhase;
			buildActionMask = 2147483647;
			files = (
			);
			runOnlyForDeploymentPostprocessing = 0;
		};
/* End PBXFrameworksBuildPhase section */

/* Begin PBXGroup section */
		F447192E29A1840900B6C3DA = {
			isa = PBXGroup;
			children = (
				F447193929A1840900B6C3DA /* DoFu_admin */,
				F447193829A1840900B6C3DA /* Products */,
			);
			sourceTree = "<group>";
		};
		F447193829A1840900B6C3DA /* Products */ = {
			isa = PBXGroup;
			children = (
				F447193729A1840900B6C3DA /* DoFu_admin.app */,
			);
			name = Products;
			sourceTree = "<group>";
		};
		F447193929A1840900B6C3DA /* DoFu_admin */ = {
			isa = PBXGroup;
			children = (
				F4AABEC329A25973006B523B /* SupportingFiles */,
				F4AABEC229A25957006B523B /* Controllers */,
				F4AABEC429A25985006B523B /* Views */,
				F447194829A1840F00B6C3DA /* Info.plist */,
			);
			path = DoFu_admin;
			sourceTree = "<group>";
		};
		F4AABEC229A25957006B523B /* Controllers */ = {
			isa = PBXGroup;
			children = (
				F46A36BF29A528110009F323 /* DetailViewController.swift */,
				F447193E29A1840900B6C3DA /* LoginViewController.swift */,
				F4AABEC029A25937006B523B /* ItemsViewController.swift */,
			);
			path = Controllers;
			sourceTree = "<group>";
		};
		F4AABEC329A25973006B523B /* SupportingFiles */ = {
			isa = PBXGroup;
			children = (
				F447193A29A1840900B6C3DA /* AppDelegate.swift */,
				F447193C29A1840900B6C3DA /* SceneDelegate.swift */,
				F447194329A1840F00B6C3DA /* Assets.xcassets */,
				F447194529A1840F00B6C3DA /* LaunchScreen.storyboard */,
			);
			path = SupportingFiles;
			sourceTree = "<group>";
		};
		F4AABEC429A25985006B523B /* Views */ = {
			isa = PBXGroup;
			children = (
				F447194029A1840900B6C3DA /* Main.storyboard */,
			);
			path = Views;
			sourceTree = "<group>";
		};
/* End PBXGroup section */

/* Begin PBXNativeTarget section */
		F447193629A1840900B6C3DA /* DoFu_admin */ = {
			isa = PBXNativeTarget;
			buildConfigurationList = F447194B29A1840F00B6C3DA /* Build configuration list for PBXNativeTarget "DoFu_admin" */;
			buildPhases = (
				F447193329A1840900B6C3DA /* Sources */,
				F447193429A1840900B6C3DA /* Frameworks */,
				F447193529A1840900B6C3DA /* Resources */,
			);
			buildRules = (
			);
			dependencies = (
			);
			name = DoFu_admin;
			productName = DoFu_admin;
			productReference = F447193729A1840900B6C3DA /* DoFu_admin.app */;
			productType = "com.apple.product-type.application";
		};
/* End PBXNativeTarget section */

/* Begin PBXProject section */
		F447192F29A1840900B6C3DA /* Project object */ = {
			isa = PBXProject;
			attributes = {
				BuildIndependentTargetsInParallel = 1;
				LastSwiftUpdateCheck = 1420;
				LastUpgradeCheck = 1420;
				TargetAttributes = {
					F447193629A1840900B6C3DA = {
						CreatedOnToolsVersion = 14.2;
					};
				};
			};
			buildConfigurationList = F447193229A1840900B6C3DA /* Build configuration list for PBXProject "DoFu_admin" */;
			compatibilityVersion = "Xcode 14.0";
			developmentRegion = en;
			hasScannedForEncodings = 0;
			knownRegions = (
				en,
				Base,
				uk,
			);
			mainGroup = F447192E29A1840900B6C3DA;
			productRefGroup = F447193829A1840900B6C3DA /* Products */;
			projectDirPath = "";
			projectRoot = "";
			targets = (
				F447193629A1840900B6C3DA /* DoFu_admin */,
			);
		};
/* End PBXProject section */

/* Begin PBXResourcesBuildPhase section */
		F447193529A1840900B6C3DA /* Resources */ = {
			isa = PBXResourcesBuildPhase;
			buildActionMask = 2147483647;
			files = (
				F447194729A1840F00B6C3DA /* LaunchScreen.storyboard in Resources */,
				F447194429A1840F00B6C3DA /* Assets.xcassets in Resources */,
				F447194229A1840900B6C3DA /* Main.storyboard in Resources */,
			);
			runOnlyForDeploymentPostprocessing = 0;
		};
/* End PBXResourcesBuildPhase section */

/* Begin PBXSourcesBuildPhase section */
		F447193329A1840900B6C3DA /* Sources */ = {
			isa = PBXSourcesBuildPhase;
			buildActionMask = 2147483647;
			files = (
				F447193F29A1840900B6C3DA /* LoginViewController.swift in Sources */,
				F4AABEC129A25937006B523B /* ItemsViewController.swift in Sources */,
				F46A36C029A528110009F323 /* DetailViewController.swift in Sources */,
				F447193B29A1840900B6C3DA /* AppDelegate.swift in Sources */,
				F447193D29A1840900B6C3DA /* SceneDelegate.swift in Sources */,
			);
			runOnlyForDeploymentPostprocessing = 0;
		};
/* End PBXSourcesBuildPhase section */

/* Begin PBXVariantGroup section */
		F447194029A1840900B6C3DA /* Main.storyboard */ = {
			isa = PBXVariantGroup;
			children = (
				F447194129A1840900B6C3DA /* Base */,
				F4AABEC529A25C03006B523B /* uk */,
			);
			name = Main.storyboard;
			sourceTree = "<group>";
		};
		F447194529A1840F00B6C3DA /* LaunchScreen.storyboard */ = {
			isa = PBXVariantGroup;
			children = (
				F447194629A1840F00B6C3DA /* Base */,
			);
			name = LaunchScreen.storyboard;
			sourceTree = "<group>";
		};
/* End PBXVariantGroup section */

/* Begin XCBuildConfiguration section */
		F447194929A1840F00B6C3DA /* Debug */ = {
			isa = XCBuildConfiguration;
			buildSettings = {
				ALWAYS_SEARCH_USER_PATHS = NO;
				CLANG_ANALYZER_LOCALIZABILITY_NONLOCALIZED = YES;
				CLANG_ANALYZER_NONNULL = YES;
				CLANG_ANALYZER_NUMBER_OBJECT_CONVERSION = YES_AGGRESSIVE;
				CLANG_CXX_LANGUAGE_STANDARD = "gnu++20";
				CLANG_ENABLE_MODULES = YES;
				CLANG_ENABLE_OBJC_ARC = YES;
				CLANG_ENABLE_OBJC_WEAK = YES;
				CLANG_WARN_BLOCK_CAPTURE_AUTORELEASING = YES;
				CLANG_WARN_BOOL_CONVERSION = YES;
				CLANG_WARN_COMMA = YES;
				CLANG_WARN_CONSTANT_CONVERSION = YES;
				CLANG_WARN_DEPRECATED_OBJC_IMPLEMENTATIONS = YES;
				CLANG_WARN_DIRECT_OBJC_ISA_USAGE = YES_ERROR;
				CLANG_WARN_DOCUMENTATION_COMMENTS = YES;
				CLANG_WARN_EMPTY_BODY = YES;
				CLANG_WARN_ENUM_CONVERSION = YES;
				CLANG_WARN_INFINITE_RECURSION = YES;
				CLANG_WARN_INT_CONVERSION = YES;
				CLANG_WARN_NON_LITERAL_NULL_CONVERSION = YES;
				CLANG_WARN_OBJC_IMPLICIT_RETAIN_SELF = YES;
				CLANG_WARN_OBJC_LITERAL_CONVERSION = YES;
				CLANG_WARN_OBJC_ROOT_CLASS = YES_ERROR;
				CLANG_WARN_QUOTED_INCLUDE_IN_FRAMEWORK_HEADER = YES;
				CLANG_WARN_RANGE_LOOP_ANALYSIS = YES;
				CLANG_WARN_STRICT_PROTOTYPES = YES;
				CLANG_WARN_SUSPICIOUS_MOVE = YES;
				CLANG_WARN_UNGUARDED_AVAILABILITY = YES_AGGRESSIVE;
				CLANG_WARN_UNREACHABLE_CODE = YES;
				CLANG_WARN__DUPLICATE_METHOD_MATCH = YES;
				COPY_PHASE_STRIP = NO;
				DEBUG_INFORMATION_FORMAT = dwarf;
				ENABLE_STRICT_OBJC_MSGSEND = YES;
				ENABLE_TESTABILITY = YES;
				GCC_C_LANGUAGE_STANDARD = gnu11;
				GCC_DYNAMIC_NO_PIC = NO;
				GCC_NO_COMMON_BLOCKS = YES;
				GCC_OPTIMIZATION_LEVEL = 0;
				GCC_PREPROCESSOR_DEFINITIONS = (
					"DEBUG=1",
					"$(inherited)",
				);
				GCC_WARN_64_TO_32_BIT_CONVERSION = YES;
				GCC_WARN_ABOUT_RETURN_TYPE = YES_ERROR;
				GCC_WARN_UNDECLARED_SELECTOR = YES;
				GCC_WARN_UNINITIALIZED_AUTOS = YES_AGGRESSIVE;
				GCC_WARN_UNUSED_FUNCTION = YES;
				GCC_WARN_UNUSED_VARIABLE = YES;
				IPHONEOS_DEPLOYMENT_TARGET = 15.0;
				MTL_ENABLE_DEBUG_INFO = INCLUDE_SOURCE;
				MTL_FAST_MATH = YES;
				ONLY_ACTIVE_ARCH = YES;
				SDKROOT = iphoneos;
				SWIFT_ACTIVE_COMPILATION_CONDITIONS = DEBUG;
				SWIFT_OPTIMIZATION_LEVEL = "-Onone";
			};
			name = Debug;
		};
		F447194A29A1840F00B6C3DA /* Release */ = {
			isa = XCBuildConfiguration;
			buildSettings = {
				ALWAYS_SEARCH_USER_PATHS = NO;
				CLANG_ANALYZER_LOCALIZABILITY_NONLOCALIZED = YES;
				CLANG_ANALYZER_NONNULL = YES;
				CLANG_ANALYZER_NUMBER_OBJECT_CONVERSION = YES_AGGRESSIVE;
				CLANG_CXX_LANGUAGE_STANDARD = "gnu++20";
				CLANG_ENABLE_MODULES = YES;
				CLANG_ENABLE_OBJC_ARC = YES;
				CLANG_ENABLE_OBJC_WEAK = YES;
				CLANG_WARN_BLOCK_CAPTURE_AUTORELEASING = YES;
				CLANG_WARN_BOOL_CONVERSION = YES;
				CLANG_WARN_COMMA = YES;
				CLANG_WARN_CONSTANT_CONVERSION = YES;
				CLANG_WARN_DEPRECATED_OBJC_IMPLEMENTATIONS = YES;
				CLANG_WARN_DIRECT_OBJC_ISA_USAGE = YES_ERROR;
				CLANG_WARN_DOCUMENTATION_COMMENTS = YES;
				CLANG_WARN_EMPTY_BODY = YES;
				CLANG_WARN_ENUM_CONVERSION = YES;
				CLANG_WARN_INFINITE_RECURSION = YES;
				CLANG_WARN_INT_CONVERSION = YES;
				CLANG_WARN_NON_LITERAL_NULL_CONVERSION = YES;
				CLANG_WARN_OBJC_IMPLICIT_RETAIN_SELF = YES;
				CLANG_WARN_OBJC_LITERAL_CONVERSION = YES;
				CLANG_WARN_OBJC_ROOT_CLASS = YES_ERROR;
				CLANG_WARN_QUOTED_INCLUDE_IN_FRAMEWORK_HEADER = YES;
				CLANG_WARN_RANGE_LOOP_ANALYSIS = YES;
				CLANG_WARN_STRICT_PROTOTYPES = YES;
				CLANG_WARN_SUSPICIOUS_MOVE = YES;
				CLANG_WARN_UNGUARDED_AVAILABILITY = YES_AGGRESSIVE;
				CLANG_WARN_UNREACHABLE_CODE = YES;
				CLANG_WARN__DUPLICATE_METHOD_MATCH = YES;
				COPY_PHASE_STRIP = NO;
				DEBUG_INFORMATION_FORMAT = "dwarf-with-dsym";
				ENABLE_NS_ASSERTIONS = NO;
				ENABLE_STRICT_OBJC_MSGSEND = YES;
				GCC_C_LANGUAGE_STANDARD = gnu11;
				GCC_NO_COMMON_BLOCKS = YES;
				GCC_WARN_64_TO_32_BIT_CONVERSION = YES;
				GCC_WARN_ABOUT_RETURN_TYPE = YES_ERROR;
				GCC_WARN_UNDECLARED_SELECTOR = YES;
				GCC_WARN_UNINITIALIZED_AUTOS = YES_AGGRESSIVE;
				GCC_WARN_UNUSED_FUNCTION = YES;
				GCC_WARN_UNUSED_VARIABLE = YES;
				IPHONEOS_DEPLOYMENT_TARGET = 15.0;
				MTL_ENABLE_DEBUG_INFO = NO;
				MTL_FAST_MATH = YES;
				SDKROOT = iphoneos;
				SWIFT_COMPILATION_MODE = wholemodule;
				SWIFT_OPTIMIZATION_LEVEL = "-O";
				VALIDATE_PRODUCT = YES;
			};
			name = Release;
		};
		F447194C29A1840F00B6C3DA /* Debug */ = {
			isa = XCBuildConfiguration;
			buildSettings = {
				ASSETCATALOG_COMPILER_APPICON_NAME = AppIcon;
				ASSETCATALOG_COMPILER_GLOBAL_ACCENT_COLOR_NAME = AccentColor;
				CODE_SIGN_STYLE = Automatic;
				CURRENT_PROJECT_VERSION = 1;
				DEVELOPMENT_TEAM = 4Y89R8Q9VV;
				GENERATE_INFOPLIST_FILE = YES;
				INFOPLIST_FILE = DoFu_admin/Info.plist;
				INFOPLIST_KEY_UIApplicationSupportsIndirectInputEvents = YES;
				INFOPLIST_KEY_UILaunchStoryboardName = LaunchScreen;
				INFOPLIST_KEY_UIMainStoryboardFile = Main;
				INFOPLIST_KEY_UISupportedInterfaceOrientations_iPad = "UIInterfaceOrientationPortrait UIInterfaceOrientationPortraitUpsideDown UIInterfaceOrientationLandscapeLeft UIInterfaceOrientationLandscapeRight";
				INFOPLIST_KEY_UISupportedInterfaceOrientations_iPhone = "UIInterfaceOrientationPortrait UIInterfaceOrientationLandscapeLeft UIInterfaceOrientationLandscapeRight";
				IPHONEOS_DEPLOYMENT_TARGET = 15.0;
				LD_RUNPATH_SEARCH_PATHS = (
					"$(inherited)",
					"@executable_path/Frameworks",
				);
				MARKETING_VERSION = 1.0;
				PRODUCT_BUNDLE_IDENTIFIER = "Ihnatenko.DoFu-admin";
				PRODUCT_NAME = "$(TARGET_NAME)";
				SWIFT_EMIT_LOC_STRINGS = YES;
				SWIFT_VERSION = 5.0;
				TARGETED_DEVICE_FAMILY = "1,2";
			};
			name = Debug;
		};
		F447194D29A1840F00B6C3DA /* Release */ = {
			isa = XCBuildConfiguration;
			buildSettings = {
				ASSETCATALOG_COMPILER_APPICON_NAME = AppIcon;
				ASSETCATALOG_COMPILER_GLOBAL_ACCENT_COLOR_NAME = AccentColor;
				CODE_SIGN_STYLE = Automatic;
				CURRENT_PROJECT_VERSION = 1;
				DEVELOPMENT_TEAM = 4Y89R8Q9VV;
				GENERATE_INFOPLIST_FILE = YES;
				INFOPLIST_FILE = DoFu_admin/Info.plist;
				INFOPLIST_KEY_UIApplicationSupportsIndirectInputEvents = YES;
				INFOPLIST_KEY_UILaunchStoryboardName = LaunchScreen;
				INFOPLIST_KEY_UIMainStoryboardFile = Main;
				INFOPLIST_KEY_UISupportedInterfaceOrientations_iPad = "UIInterfaceOrientationPortrait UIInterfaceOrientationPortraitUpsideDown UIInterfaceOrientationLandscapeLeft UIInterfaceOrientationLandscapeRight";
				INFOPLIST_KEY_UISupportedInterfaceOrientations_iPhone = "UIInterfaceOrientationPortrait UIInterfaceOrientationLandscapeLeft UIInterfaceOrientationLandscapeRight";
				IPHONEOS_DEPLOYMENT_TARGET = 15.0;
				LD_RUNPATH_SEARCH_PATHS = (
					"$(inherited)",
					"@executable_path/Frameworks",
				);
				MARKETING_VERSION = 1.0;
				PRODUCT_BUNDLE_IDENTIFIER = "Ihnatenko.DoFu-admin";
				PRODUCT_NAME = "$(TARGET_NAME)";
				SWIFT_EMIT_LOC_STRINGS = YES;
				SWIFT_VERSION = 5.0;
				TARGETED_DEVICE_FAMILY = "1,2";
			};
			name = Release;
		};
/* End XCBuildConfiguration section */

/* Begin XCConfigurationList section */
		F447193229A1840900B6C3DA /* Build configuration list for PBXProject "DoFu_admin" */ = {
			isa = XCConfigurationList;
			buildConfigurations = (
				F447194929A1840F00B6C3DA /* Debug */,
				F447194A29A1840F00B6C3DA /* Release */,
			);
			defaultConfigurationIsVisible = 0;
			defaultConfigurationName = Release;
		};
		F447194B29A1840F00B6C3DA /* Build configuration list for PBXNativeTarget "DoFu_admin" */ = {
			isa = XCConfigurationList;
			buildConfigurations = (
				F447194C29A1840F00B6C3DA /* Debug */,
				F447194D29A1840F00B6C3DA /* Release */,
			);
			defaultConfigurationIsVisible = 0;
			defaultConfigurationName = Release;
		};
/* End XCConfigurationList section */
	};
	rootObject = F447192F29A1840900B6C3DA /* Project object */;
}
